
Microsoft Visual Studio Solution File, Format Version 12.00
# Visual Studio 15
VisualStudioVersion = 15.0.28307.572
MinimumVisualStudioVersion = 10.0.40219.1
Project("{9A19103F-16F7-4668-BE54-9A1E7A4F7556}") = "twitchDotIRC", "netIRC\twitchDotIRC.csproj", "{10228E09-5C52-485C-BFB6-5500A58391BF}"
EndProject
Project("{9A19103F-16F7-4668-BE54-9A1E7A4F7556}") = "twitchDotIRC-App", "twitchDotIRC-Tests\twitchDotIRC-App.csproj", "{5E8D56E2-E6F3-4F51-AD54-D24A8513F174}"
EndProject
Global
	GlobalSection(SolutionConfigurationPlatforms) = preSolution
		Debug|Any CPU = Debug|Any CPU
		Release|Any CPU = Release|Any CPU
	EndGlobalSection
	GlobalSection(ProjectConfigurationPlatforms) = postSolution
		{10228E09-5C52-485C-BFB6-5500A58391BF}.Debug|Any CPU.ActiveCfg = Debug|Any CPU
		{10228E09-5C52-485C-BFB6-5500A58391BF}.Debug|Any CPU.Build.0 = Debug|Any CPU
		{10228E09-5C52-485C-BFB6-5500A58391BF}.Release|Any CPU.ActiveCfg = Release|Any CPU
		{10228E09-5C52-485C-BFB6-5500A58391BF}.Release|Any CPU.Build.0 = Release|Any CPU
		{5E8D56E2-E6F3-4F51-AD54-D24A8513F174}.Debug|Any CPU.ActiveCfg = Debug|Any CPU
		{5E8D56E2-E6F3-4F51-AD54-D24A8513F174}.Debug|Any CPU.Build.0 = Debug|Any CPU
		{5E8D56E2-E6F3-4F51-AD54-D24A8513F174}.Release|Any CPU.ActiveCfg = Release|Any CPU
		{5E8D56E2-E6F3-4F51-AD54-D24A8513F174}.Release|Any CPU.Build.0 = Release|Any CPU
	EndGlobalSection
	GlobalSection(SolutionProperties) = preSolution
		HideSolutionNode = FALSE
	EndGlobalSection
	GlobalSection(ExtensibilityGlobals) = postSolution
		SolutionGuid = {3454BB87-7F11-4656-B238-EB0F17159E2A}
	EndGlobalSection
EndGlobal
